
Microsoft Visual Studio Solution File, Format Version 12.00
# Visual Studio Version 17
VisualStudioVersion = 17.8.34511.84
MinimumVisualStudioVersion = 10.0.40219.1
Project("{FAE04EC0-301F-11D3-BF4B-00C04F79EFBC}") = "Lesson_7_Validation", "Lesson_7_Validation\Lesson_7_Validation.csproj", "{2C4F8C24-7E76-4528-A037-A94EB9F0A8A5}"
EndProject
Global
	GlobalSection(SolutionConfigurationPlatforms) = preSolution
		Debug|Any CPU = Debug|Any CPU
		Release|Any CPU = Release|Any CPU
	EndGlobalSection
	GlobalSection(ProjectConfigurationPlatforms) = postSolution
		{2C4F8C24-7E76-4528-A037-A94EB9F0A8A5}.Debug|Any CPU.ActiveCfg = Debug|Any CPU
		{2C4F8C24-7E76-4528-A037-A94EB9F0A8A5}.Debug|Any CPU.Build.0 = Debug|Any CPU
		{2C4F8C24-7E76-4528-A037-A94EB9F0A8A5}.Release|Any CPU.ActiveCfg = Release|Any CPU
		{2C4F8C24-7E76-4528-A037-A94EB9F0A8A5}.Release|Any CPU.Build.0 = Release|Any CPU
	EndGlobalSection
	GlobalSection(SolutionProperties) = preSolution
		HideSolutionNode = FALSE
	EndGlobalSection
	GlobalSection(ExtensibilityGlobals) = postSolution
		SolutionGuid = {39EB2F83-70A2-4073-9542-D022900A59F9}
	EndGlobalSection
EndGlobal
